
Microsoft Visual Studio Solution File, Format Version 12.00
# Visual Studio Version 16
VisualStudioVersion = 16.0.31005.135
MinimumVisualStudioVersion = 10.0.40219.1
Project("{FAE04EC0-301F-11D3-BF4B-00C04F79EFBC}") = "PdfSharp", "PdfSharp\PdfSharp.csproj", "{B00C176E-A0AD-4481-A2DC-BAF8E7445F49}"
EndProject
Project("{FAE04EC0-301F-11D3-BF4B-00C04F79EFBC}") = "PdfSharp.Charting", "PdfSharp.Charting\PdfSharp.Charting.csproj", "{05C97A24-26CB-4B03-AFE7-D7025CD7788D}"
EndProject
Project("{FAE04EC0-301F-11D3-BF4B-00C04F79EFBC}") = "MigraDoc.DocumentObjectModel", "MigraDoc.DocumentObjectModel\MigraDoc.DocumentObjectModel.csproj", "{B8A36F53-96D0-4DF1-9817-8E2AA0E86224}"
EndProject
Project("{FAE04EC0-301F-11D3-BF4B-00C04F79EFBC}") = "MigraDoc.Rendering", "MigraDoc.Rendering\MigraDoc.Rendering.csproj", "{A99CEE19-AB4E-46FD-946A-DC6F9B838D72}"
EndProject
Project("{FAE04EC0-301F-11D3-BF4B-00C04F79EFBC}") = "MigraDoc.RtfRendering", "MigraDoc.RtfRendering\MigraDoc.RtfRendering.csproj", "{119BA242-18FA-4B87-9985-0F204BA699A4}"
EndProject
Global
	GlobalSection(SolutionConfigurationPlatforms) = preSolution
		Debug|Any CPU = Debug|Any CPU
		Release|Any CPU = Release|Any CPU
	EndGlobalSection
	GlobalSection(ProjectConfigurationPlatforms) = postSolution
		{B00C176E-A0AD-4481-A2DC-BAF8E7445F49}.Debug|Any CPU.ActiveCfg = Debug|Any CPU
		{B00C176E-A0AD-4481-A2DC-BAF8E7445F49}.Debug|Any CPU.Build.0 = Debug|Any CPU
		{B00C176E-A0AD-4481-A2DC-BAF8E7445F49}.Release|Any CPU.ActiveCfg = Release|Any CPU
		{B00C176E-A0AD-4481-A2DC-BAF8E7445F49}.Release|Any CPU.Build.0 = Release|Any CPU
		{05C97A24-26CB-4B03-AFE7-D7025CD7788D}.Debug|Any CPU.ActiveCfg = Debug|Any CPU
		{05C97A24-26CB-4B03-AFE7-D7025CD7788D}.Debug|Any CPU.Build.0 = Debug|Any CPU
		{05C97A24-26CB-4B03-AFE7-D7025CD7788D}.Release|Any CPU.ActiveCfg = Release|Any CPU
		{05C97A24-26CB-4B03-AFE7-D7025CD7788D}.Release|Any CPU.Build.0 = Release|Any CPU
		{B8A36F53-96D0-4DF1-9817-8E2AA0E86224}.Debug|Any CPU.ActiveCfg = Debug|Any CPU
		{B8A36F53-96D0-4DF1-9817-8E2AA0E86224}.Debug|Any CPU.Build.0 = Debug|Any CPU
		{B8A36F53-96D0-4DF1-9817-8E2AA0E86224}.Release|Any CPU.ActiveCfg = Release|Any CPU
		{B8A36F53-96D0-4DF1-9817-8E2AA0E86224}.Release|Any CPU.Build.0 = Release|Any CPU
		{A99CEE19-AB4E-46FD-946A-DC6F9B838D72}.Debug|Any CPU.ActiveCfg = Debug|Any CPU
		{A99CEE19-AB4E-46FD-946A-DC6F9B838D72}.Debug|Any CPU.Build.0 = Debug|Any CPU
		{A99CEE19-AB4E-46FD-946A-DC6F9B838D72}.Release|Any CPU.ActiveCfg = Release|Any CPU
		{A99CEE19-AB4E-46FD-946A-DC6F9B838D72}.Release|Any CPU.Build.0 = Release|Any CPU
		{119BA242-18FA-4B87-9985-0F204BA699A4}.Debug|Any CPU.ActiveCfg = Debug|Any CPU
		{119BA242-18FA-4B87-9985-0F204BA699A4}.Debug|Any CPU.Build.0 = Debug|Any CPU
		{119BA242-18FA-4B87-9985-0F204BA699A4}.Release|Any CPU.ActiveCfg = Release|Any CPU
		{119BA242-18FA-4B87-9985-0F204BA699A4}.Release|Any CPU.Build.0 = Release|Any CPU
	EndGlobalSection
	GlobalSection(SolutionProperties) = preSolution
		HideSolutionNode = FALSE
	EndGlobalSection
	GlobalSection(ExtensibilityGlobals) = postSolution
		SolutionGuid = {5FE70C29-B8B9-4F58-AE09-521CDF17C34E}
	EndGlobalSection
EndGlobal
